
Microsoft Visual Studio Solution File, Format Version 12.00
# Visual Studio 2013
VisualStudioVersion = 12.0.40629.0
MinimumVisualStudioVersion = 10.0.40219.1
Project("{FAE04EC0-301F-11D3-BF4B-00C04F79EFBC}") = "RegExTractorShared", "RegExTractorShared\RegExTractorShared.csproj", "{526A3933-93F0-4535-8C9F-96B74F0E19B2}"
EndProject
Global
	GlobalSection(SolutionConfigurationPlatforms) = preSolution
		Debug|Any CPU = Debug|Any CPU
		Release|Any CPU = Release|Any CPU
	EndGlobalSection
	GlobalSection(ProjectConfigurationPlatforms) = postSolution
		{526A3933-93F0-4535-8C9F-96B74F0E19B2}.Debug|Any CPU.ActiveCfg = Debug|Any CPU
		{526A3933-93F0-4535-8C9F-96B74F0E19B2}.Debug|Any CPU.Build.0 = Debug|Any CPU
		{526A3933-93F0-4535-8C9F-96B74F0E19B2}.Release|Any CPU.ActiveCfg = Release|Any CPU
		{526A3933-93F0-4535-8C9F-96B74F0E19B2}.Release|Any CPU.Build.0 = Release|Any CPU
	EndGlobalSection
	GlobalSection(SolutionProperties) = preSolution
		HideSolutionNode = FALSE
	EndGlobalSection
EndGlobal
